// !$*UTF8*$!
{
	archiveVersion = 1;
	classes = {
	};
	objectVersion = 55;
	objects = {

/* Begin PBXBuildFile section */
		A129048127F278470023070D /* AppDelegate.swift in Sources */ = {isa = PBXBuildFile; fileRef = A129048027F278470023070D /* AppDelegate.swift */; };
		A129048327F278470023070D /* SceneDelegate.swift in Sources */ = {isa = PBXBuildFile; fileRef = A129048227F278470023070D /* SceneDelegate.swift */; };
		A129048A27F278480023070D /* Assets.xcassets in Resources */ = {isa = PBXBuildFile; fileRef = A129048927F278480023070D /* Assets.xcassets */; };
		A129048D27F278480023070D /* LaunchScreen.storyboard in Resources */ = {isa = PBXBuildFile; fileRef = A129048B27F278480023070D /* LaunchScreen.storyboard */; };
		A129049927F279680023070D /* UIView.swift in Sources */ = {isa = PBXBuildFile; fileRef = A129049827F279680023070D /* UIView.swift */; };
		A12904A527F3C57A0023070D /* FocusSquare.swift in Sources */ = {isa = PBXBuildFile; fileRef = A12904A427F3C57A0023070D /* FocusSquare.swift */; };
		A12904A727F3C5850023070D /* FocusSquareSegment.swift in Sources */ = {isa = PBXBuildFile; fileRef = A12904A627F3C5850023070D /* FocusSquareSegment.swift */; };
		A12904AA27F3C5B30023070D /* AudioDesignerViewController.swift in Sources */ = {isa = PBXBuildFile; fileRef = A12904A927F3C5B30023070D /* AudioDesignerViewController.swift */; };
		A12904AC27F3C62C0023070D /* AudioDesignerViewModel.swift in Sources */ = {isa = PBXBuildFile; fileRef = A12904AB27F3C62C0023070D /* AudioDesignerViewModel.swift */; };
		A12904AE27F3C6F80023070D /* float4x4.swift in Sources */ = {isa = PBXBuildFile; fileRef = A12904AD27F3C6F80023070D /* float4x4.swift */; };
		A12904B027F3C7520023070D /* CGFloat.swift in Sources */ = {isa = PBXBuildFile; fileRef = A12904AF27F3C7520023070D /* CGFloat.swift */; };
		A12904B227F3CEB50023070D /* ARSCNView.swift in Sources */ = {isa = PBXBuildFile; fileRef = A12904B127F3CEB50023070D /* ARSCNView.swift */; };
		A12904B427F3D2B30023070D /* AudioDesignerARView.swift in Sources */ = {isa = PBXBuildFile; fileRef = A12904B327F3D2B30023070D /* AudioDesignerARView.swift */; };
		A12904B727F547CB0023070D /* StatusViewController.swift in Sources */ = {isa = PBXBuildFile; fileRef = A12904B627F547CB0023070D /* StatusViewController.swift */; };
		A12904B927F5481A0023070D /* ARCamera.swift in Sources */ = {isa = PBXBuildFile; fileRef = A12904B827F5481A0023070D /* ARCamera.swift */; };
		A12904BB27F54C5D0023070D /* AudioNode.swift in Sources */ = {isa = PBXBuildFile; fileRef = A12904BA27F54C5D0023070D /* AudioNode.swift */; };
		A12904BE27F54DEA0023070D /* AudioType.swift in Sources */ = {isa = PBXBuildFile; fileRef = A12904BD27F54DEA0023070D /* AudioType.swift */; };
		A12904C227F5581F0023070D /* AudioNodeInteraction.swift in Sources */ = {isa = PBXBuildFile; fileRef = A12904C127F5581F0023070D /* AudioNodeInteraction.swift */; };
		A12904C527F55A7D0023070D /* ThreshholdPanGesture.swift in Sources */ = {isa = PBXBuildFile; fileRef = A12904C427F55A7D0023070D /* ThreshholdPanGesture.swift */; };
/* End PBXBuildFile section */

/* Begin PBXFileReference section */
		A129047D27F278470023070D /* ARAudioDesigner.app */ = {isa = PBXFileReference; explicitFileType = wrapper.application; includeInIndex = 0; path = ARAudioDesigner.app; sourceTree = BUILT_PRODUCTS_DIR; };
		A129048027F278470023070D /* AppDelegate.swift */ = {isa = PBXFileReference; lastKnownFileType = sourcecode.swift; path = AppDelegate.swift; sourceTree = "<group>"; };
		A129048227F278470023070D /* SceneDelegate.swift */ = {isa = PBXFileReference; lastKnownFileType = sourcecode.swift; path = SceneDelegate.swift; sourceTree = "<group>"; };
		A129048927F278480023070D /* Assets.xcassets */ = {isa = PBXFileReference; lastKnownFileType = folder.assetcatalog; path = Assets.xcassets; sourceTree = "<group>"; };
		A129048C27F278480023070D /* Base */ = {isa = PBXFileReference; lastKnownFileType = file.storyboard; name = Base; path = Base.lproj/LaunchScreen.storyboard; sourceTree = "<group>"; };
		A129048E27F278480023070D /* Info.plist */ = {isa = PBXFileReference; lastKnownFileType = text.plist.xml; path = Info.plist; sourceTree = "<group>"; };
		A129049827F279680023070D /* UIView.swift */ = {isa = PBXFileReference; lastKnownFileType = sourcecode.swift; path = UIView.swift; sourceTree = "<group>"; };
		A12904A427F3C57A0023070D /* FocusSquare.swift */ = {isa = PBXFileReference; lastKnownFileType = sourcecode.swift; path = FocusSquare.swift; sourceTree = "<group>"; };
		A12904A627F3C5850023070D /* FocusSquareSegment.swift */ = {isa = PBXFileReference; lastKnownFileType = sourcecode.swift; path = FocusSquareSegment.swift; sourceTree = "<group>"; };
		A12904A927F3C5B30023070D /* AudioDesignerViewController.swift */ = {isa = PBXFileReference; lastKnownFileType = sourcecode.swift; path = AudioDesignerViewController.swift; sourceTree = "<group>"; };
		A12904AB27F3C62C0023070D /* AudioDesignerViewModel.swift */ = {isa = PBXFileReference; lastKnownFileType = sourcecode.swift; path = AudioDesignerViewModel.swift; sourceTree = "<group>"; };
		A12904AD27F3C6F80023070D /* float4x4.swift */ = {isa = PBXFileReference; lastKnownFileType = sourcecode.swift; path = float4x4.swift; sourceTree = "<group>"; };
		A12904AF27F3C7520023070D /* CGFloat.swift */ = {isa = PBXFileReference; lastKnownFileType = sourcecode.swift; path = CGFloat.swift; sourceTree = "<group>"; };
		A12904B127F3CEB50023070D /* ARSCNView.swift */ = {isa = PBXFileReference; lastKnownFileType = sourcecode.swift; path = ARSCNView.swift; sourceTree = "<group>"; };
		A12904B327F3D2B30023070D /* AudioDesignerARView.swift */ = {isa = PBXFileReference; lastKnownFileType = sourcecode.swift; path = AudioDesignerARView.swift; sourceTree = "<group>"; };
		A12904B627F547CB0023070D /* StatusViewController.swift */ = {isa = PBXFileReference; lastKnownFileType = sourcecode.swift; path = StatusViewController.swift; sourceTree = "<group>"; };
		A12904B827F5481A0023070D /* ARCamera.swift */ = {isa = PBXFileReference; lastKnownFileType = sourcecode.swift; path = ARCamera.swift; sourceTree = "<group>"; };
		A12904BA27F54C5D0023070D /* AudioNode.swift */ = {isa = PBXFileReference; lastKnownFileType = sourcecode.swift; path = AudioNode.swift; sourceTree = "<group>"; };
		A12904BD27F54DEA0023070D /* AudioType.swift */ = {isa = PBXFileReference; lastKnownFileType = sourcecode.swift; path = AudioType.swift; sourceTree = "<group>"; };
		A12904C127F5581F0023070D /* AudioNodeInteraction.swift */ = {isa = PBXFileReference; lastKnownFileType = sourcecode.swift; path = AudioNodeInteraction.swift; sourceTree = "<group>"; };
		A12904C427F55A7D0023070D /* ThreshholdPanGesture.swift */ = {isa = PBXFileReference; lastKnownFileType = sourcecode.swift; path = ThreshholdPanGesture.swift; sourceTree = "<group>"; };
/* End PBXFileReference section */

/* Begin PBXFrameworksBuildPhase section */
		A129047A27F278470023070D /* Frameworks */ = {
			isa = PBXFrameworksBuildPhase;
			buildActionMask = 2147483647;
			files = (
			);
			runOnlyForDeploymentPostprocessing = 0;
		};
/* End PBXFrameworksBuildPhase section */

/* Begin PBXGroup section */
		A129047427F278470023070D = {
			isa = PBXGroup;
			children = (
				A129047F27F278470023070D /* ARAudioDesigner */,
				A129047E27F278470023070D /* Products */,
			);
			sourceTree = "<group>";
		};
		A129047E27F278470023070D /* Products */ = {
			isa = PBXGroup;
			children = (
				A129047D27F278470023070D /* ARAudioDesigner.app */,
			);
			name = Products;
			sourceTree = "<group>";
		};
		A129047F27F278470023070D /* ARAudioDesigner */ = {
			isa = PBXGroup;
			children = (
				A12904BC27F54DCF0023070D /* Enums */,
				A12904C027F5578A0023070D /* BaseViews */,
				A12904BF27F5577E0023070D /* Models */,
				A12904B527F547BC0023070D /* Status View Controller */,
				A12904A827F3C58B0023070D /* AudioDesigner */,
				A129049727F279280023070D /* Utilities+Extensions */,
				A129049427F278E90023070D /* Support */,
				A129048E27F278480023070D /* Info.plist */,
			);
			path = ARAudioDesigner;
			sourceTree = "<group>";
		};
		A129049427F278E90023070D /* Support */ = {
			isa = PBXGroup;
			children = (
				A129048027F278470023070D /* AppDelegate.swift */,
				A129048227F278470023070D /* SceneDelegate.swift */,
				A129048927F278480023070D /* Assets.xcassets */,
				A129048B27F278480023070D /* LaunchScreen.storyboard */,
			);
			path = Support;
			sourceTree = "<group>";
		};
		A129049727F279280023070D /* Utilities+Extensions */ = {
			isa = PBXGroup;
			children = (
				A129049827F279680023070D /* UIView.swift */,
				A12904AD27F3C6F80023070D /* float4x4.swift */,
				A12904AF27F3C7520023070D /* CGFloat.swift */,
				A12904B127F3CEB50023070D /* ARSCNView.swift */,
				A12904B827F5481A0023070D /* ARCamera.swift */,
			);
			path = "Utilities+Extensions";
			sourceTree = "<group>";
		};
		A12904A327F3C5520023070D /* Focus Square */ = {
			isa = PBXGroup;
			children = (
				A12904A427F3C57A0023070D /* FocusSquare.swift */,
				A12904A627F3C5850023070D /* FocusSquareSegment.swift */,
			);
			path = "Focus Square";
			sourceTree = "<group>";
		};
		A12904A827F3C58B0023070D /* AudioDesigner */ = {
			isa = PBXGroup;
			children = (
				A12904C327F55A600023070D /* Interaction Handling */,
				A12904A927F3C5B30023070D /* AudioDesignerViewController.swift */,
				A12904AB27F3C62C0023070D /* AudioDesignerViewModel.swift */,
			);
			path = AudioDesigner;
			sourceTree = "<group>";
		};
		A12904B527F547BC0023070D /* Status View Controller */ = {
			isa = PBXGroup;
			children = (
				A12904B627F547CB0023070D /* StatusViewController.swift */,
			);
			path = "Status View Controller";
			sourceTree = "<group>";
		};
		A12904BC27F54DCF0023070D /* Enums */ = {
			isa = PBXGroup;
			children = (
				A12904BD27F54DEA0023070D /* AudioType.swift */,
			);
			path = Enums;
			sourceTree = "<group>";
		};
		A12904BF27F5577E0023070D /* Models */ = {
			isa = PBXGroup;
			children = (
				A12904BA27F54C5D0023070D /* AudioNode.swift */,
			);
			path = Models;
			sourceTree = "<group>";
		};
		A12904C027F5578A0023070D /* BaseViews */ = {
			isa = PBXGroup;
			children = (
				A12904A327F3C5520023070D /* Focus Square */,
				A12904B327F3D2B30023070D /* AudioDesignerARView.swift */,
			);
			path = BaseViews;
			sourceTree = "<group>";
		};
		A12904C327F55A600023070D /* Interaction Handling */ = {
			isa = PBXGroup;
			children = (
				A12904C127F5581F0023070D /* AudioNodeInteraction.swift */,
				A12904C427F55A7D0023070D /* ThreshholdPanGesture.swift */,
			);
			path = "Interaction Handling";
			sourceTree = "<group>";
		};
/* End PBXGroup section */

/* Begin PBXNativeTarget section */
		A129047C27F278470023070D /* ARAudioDesigner */ = {
			isa = PBXNativeTarget;
			buildConfigurationList = A129049127F278480023070D /* Build configuration list for PBXNativeTarget "ARAudioDesigner" */;
			buildPhases = (
				A129047927F278470023070D /* Sources */,
				A129047A27F278470023070D /* Frameworks */,
				A129047B27F278470023070D /* Resources */,
			);
			buildRules = (
			);
			dependencies = (
			);
			name = ARAudioDesigner;
			productName = ARAudioDesigner;
			productReference = A129047D27F278470023070D /* ARAudioDesigner.app */;
			productType = "com.apple.product-type.application";
		};
/* End PBXNativeTarget section */

/* Begin PBXProject section */
		A129047527F278470023070D /* Project object */ = {
			isa = PBXProject;
			attributes = {
				BuildIndependentTargetsInParallel = 1;
				LastSwiftUpdateCheck = 1320;
				LastUpgradeCheck = 1320;
				TargetAttributes = {
					A129047C27F278470023070D = {
						CreatedOnToolsVersion = 13.2.1;
					};
				};
			};
			buildConfigurationList = A129047827F278470023070D /* Build configuration list for PBXProject "ARAudioDesigner" */;
			compatibilityVersion = "Xcode 13.0";
			developmentRegion = en;
			hasScannedForEncodings = 0;
			knownRegions = (
				en,
				Base,
			);
			mainGroup = A129047427F278470023070D;
			productRefGroup = A129047E27F278470023070D /* Products */;
			projectDirPath = "";
			projectRoot = "";
			targets = (
				A129047C27F278470023070D /* ARAudioDesigner */,
			);
		};
/* End PBXProject section */

/* Begin PBXResourcesBuildPhase section */
		A129047B27F278470023070D /* Resources */ = {
			isa = PBXResourcesBuildPhase;
			buildActionMask = 2147483647;
			files = (
				A129048D27F278480023070D /* LaunchScreen.storyboard in Resources */,
				A129048A27F278480023070D /* Assets.xcassets in Resources */,
			);
			runOnlyForDeploymentPostprocessing = 0;
		};
/* End PBXResourcesBuildPhase section */

/* Begin PBXSourcesBuildPhase section */
		A129047927F278470023070D /* Sources */ = {
			isa = PBXSourcesBuildPhase;
			buildActionMask = 2147483647;
			files = (
				A12904B027F3C7520023070D /* CGFloat.swift in Sources */,
				A12904C527F55A7D0023070D /* ThreshholdPanGesture.swift in Sources */,
				A12904AC27F3C62C0023070D /* AudioDesignerViewModel.swift in Sources */,
				A12904B227F3CEB50023070D /* ARSCNView.swift in Sources */,
				A12904AA27F3C5B30023070D /* AudioDesignerViewController.swift in Sources */,
				A12904B727F547CB0023070D /* StatusViewController.swift in Sources */,
				A12904A727F3C5850023070D /* FocusSquareSegment.swift in Sources */,
				A12904BE27F54DEA0023070D /* AudioType.swift in Sources */,
				A12904BB27F54C5D0023070D /* AudioNode.swift in Sources */,
				A129048127F278470023070D /* AppDelegate.swift in Sources */,
				A12904B927F5481A0023070D /* ARCamera.swift in Sources */,
				A12904A527F3C57A0023070D /* FocusSquare.swift in Sources */,
				A129049927F279680023070D /* UIView.swift in Sources */,
				A129048327F278470023070D /* SceneDelegate.swift in Sources */,
				A12904C227F5581F0023070D /* AudioNodeInteraction.swift in Sources */,
				A12904B427F3D2B30023070D /* AudioDesignerARView.swift in Sources */,
				A12904AE27F3C6F80023070D /* float4x4.swift in Sources */,
			);
			runOnlyForDeploymentPostprocessing = 0;
		};
/* End PBXSourcesBuildPhase section */

/* Begin PBXVariantGroup section */
		A129048B27F278480023070D /* LaunchScreen.storyboard */ = {
			isa = PBXVariantGroup;
			children = (
				A129048C27F278480023070D /* Base */,
			);
			name = LaunchScreen.storyboard;
			sourceTree = "<group>";
		};
/* End PBXVariantGroup section */

/* Begin XCBuildConfiguration section */
		A129048F27F278480023070D /* Debug */ = {
			isa = XCBuildConfiguration;
			buildSettings = {
				ALWAYS_SEARCH_USER_PATHS = NO;
				CLANG_ANALYZER_NONNULL = YES;
				CLANG_ANALYZER_NUMBER_OBJECT_CONVERSION = YES_AGGRESSIVE;
				CLANG_CXX_LANGUAGE_STANDARD = "gnu++17";
				CLANG_CXX_LIBRARY = "libc++";
				CLANG_ENABLE_MODULES = YES;
				CLANG_ENABLE_OBJC_ARC = YES;
				CLANG_ENABLE_OBJC_WEAK = YES;
				CLANG_WARN_BLOCK_CAPTURE_AUTORELEASING = YES;
				CLANG_WARN_BOOL_CONVERSION = YES;
				CLANG_WARN_COMMA = YES;
				CLANG_WARN_CONSTANT_CONVERSION = YES;
				CLANG_WARN_DEPRECATED_OBJC_IMPLEMENTATIONS = YES;
				CLANG_WARN_DIRECT_OBJC_ISA_USAGE = YES_ERROR;
				CLANG_WARN_DOCUMENTATION_COMMENTS = YES;
				CLANG_WARN_EMPTY_BODY = YES;
				CLANG_WARN_ENUM_CONVERSION = YES;
				CLANG_WARN_INFINITE_RECURSION = YES;
				CLANG_WARN_INT_CONVERSION = YES;
				CLANG_WARN_NON_LITERAL_NULL_CONVERSION = YES;
				CLANG_WARN_OBJC_IMPLICIT_RETAIN_SELF = YES;
				CLANG_WARN_OBJC_LITERAL_CONVERSION = YES;
				CLANG_WARN_OBJC_ROOT_CLASS = YES_ERROR;
				CLANG_WARN_QUOTED_INCLUDE_IN_FRAMEWORK_HEADER = YES;
				CLANG_WARN_RANGE_LOOP_ANALYSIS = YES;
				CLANG_WARN_STRICT_PROTOTYPES = YES;
				CLANG_WARN_SUSPICIOUS_MOVE = YES;
				CLANG_WARN_UNGUARDED_AVAILABILITY = YES_AGGRESSIVE;
				CLANG_WARN_UNREACHABLE_CODE = YES;
				CLANG_WARN__DUPLICATE_METHOD_MATCH = YES;
				COPY_PHASE_STRIP = NO;
				DEBUG_INFORMATION_FORMAT = dwarf;
				ENABLE_STRICT_OBJC_MSGSEND = YES;
				ENABLE_TESTABILITY = YES;
				GCC_C_LANGUAGE_STANDARD = gnu11;
				GCC_DYNAMIC_NO_PIC = NO;
				GCC_NO_COMMON_BLOCKS = YES;
				GCC_OPTIMIZATION_LEVEL = 0;
				GCC_PREPROCESSOR_DEFINITIONS = (
					"DEBUG=1",
					"$(inherited)",
				);
				GCC_WARN_64_TO_32_BIT_CONVERSION = YES;
				GCC_WARN_ABOUT_RETURN_TYPE = YES_ERROR;
				GCC_WARN_UNDECLARED_SELECTOR = YES;
				GCC_WARN_UNINITIALIZED_AUTOS = YES_AGGRESSIVE;
				GCC_WARN_UNUSED_FUNCTION = YES;
				GCC_WARN_UNUSED_VARIABLE = YES;
				IPHONEOS_DEPLOYMENT_TARGET = 15.2;
				MTL_ENABLE_DEBUG_INFO = INCLUDE_SOURCE;
				MTL_FAST_MATH = YES;
				ONLY_ACTIVE_ARCH = YES;
				SDKROOT = iphoneos;
				SWIFT_ACTIVE_COMPILATION_CONDITIONS = DEBUG;
				SWIFT_OPTIMIZATION_LEVEL = "-Onone";
			};
			name = Debug;
		};
		A129049027F278480023070D /* Release */ = {
			isa = XCBuildConfiguration;
			buildSettings = {
				ALWAYS_SEARCH_USER_PATHS = NO;
				CLANG_ANALYZER_NONNULL = YES;
				CLANG_ANALYZER_NUMBER_OBJECT_CONVERSION = YES_AGGRESSIVE;
				CLANG_CXX_LANGUAGE_STANDARD = "gnu++17";
				CLANG_CXX_LIBRARY = "libc++";
				CLANG_ENABLE_MODULES = YES;
				CLANG_ENABLE_OBJC_ARC = YES;
				CLANG_ENABLE_OBJC_WEAK = YES;
				CLANG_WARN_BLOCK_CAPTURE_AUTORELEASING = YES;
				CLANG_WARN_BOOL_CONVERSION = YES;
				CLANG_WARN_COMMA = YES;
				CLANG_WARN_CONSTANT_CONVERSION = YES;
				CLANG_WARN_DEPRECATED_OBJC_IMPLEMENTATIONS = YES;
				CLANG_WARN_DIRECT_OBJC_ISA_USAGE = YES_ERROR;
				CLANG_WARN_DOCUMENTATION_COMMENTS = YES;
				CLANG_WARN_EMPTY_BODY = YES;
				CLANG_WARN_ENUM_CONVERSION = YES;
				CLANG_WARN_INFINITE_RECURSION = YES;
				CLANG_WARN_INT_CONVERSION = YES;
				CLANG_WARN_NON_LITERAL_NULL_CONVERSION = YES;
				CLANG_WARN_OBJC_IMPLICIT_RETAIN_SELF = YES;
				CLANG_WARN_OBJC_LITERAL_CONVERSION = YES;
				CLANG_WARN_OBJC_ROOT_CLASS = YES_ERROR;
				CLANG_WARN_QUOTED_INCLUDE_IN_FRAMEWORK_HEADER = YES;
				CLANG_WARN_RANGE_LOOP_ANALYSIS = YES;
				CLANG_WARN_STRICT_PROTOTYPES = YES;
				CLANG_WARN_SUSPICIOUS_MOVE = YES;
				CLANG_WARN_UNGUARDED_AVAILABILITY = YES_AGGRESSIVE;
				CLANG_WARN_UNREACHABLE_CODE = YES;
				CLANG_WARN__DUPLICATE_METHOD_MATCH = YES;
				COPY_PHASE_STRIP = NO;
				DEBUG_INFORMATION_FORMAT = "dwarf-with-dsym";
				ENABLE_NS_ASSERTIONS = NO;
				ENABLE_STRICT_OBJC_MSGSEND = YES;
				GCC_C_LANGUAGE_STANDARD = gnu11;
				GCC_NO_COMMON_BLOCKS = YES;
				GCC_WARN_64_TO_32_BIT_CONVERSION = YES;
				GCC_WARN_ABOUT_RETURN_TYPE = YES_ERROR;
				GCC_WARN_UNDECLARED_SELECTOR = YES;
				GCC_WARN_UNINITIALIZED_AUTOS = YES_AGGRESSIVE;
				GCC_WARN_UNUSED_FUNCTION = YES;
				GCC_WARN_UNUSED_VARIABLE = YES;
				IPHONEOS_DEPLOYMENT_TARGET = 15.2;
				MTL_ENABLE_DEBUG_INFO = NO;
				MTL_FAST_MATH = YES;
				SDKROOT = iphoneos;
				SWIFT_COMPILATION_MODE = wholemodule;
				SWIFT_OPTIMIZATION_LEVEL = "-O";
				VALIDATE_PRODUCT = YES;
			};
			name = Release;
		};
		A129049227F278480023070D /* Debug */ = {
			isa = XCBuildConfiguration;
			buildSettings = {
				ASSETCATALOG_COMPILER_APPICON_NAME = AppIcon;
				ASSETCATALOG_COMPILER_GLOBAL_ACCENT_COLOR_NAME = AccentColor;
				CODE_SIGN_STYLE = Automatic;
				CURRENT_PROJECT_VERSION = 1;
				DEVELOPMENT_TEAM = DCLHR77W8M;
				GENERATE_INFOPLIST_FILE = YES;
				INFOPLIST_FILE = ARAudioDesigner/Info.plist;
				INFOPLIST_KEY_UIApplicationSupportsIndirectInputEvents = YES;
				INFOPLIST_KEY_UILaunchStoryboardName = LaunchScreen;
				INFOPLIST_KEY_UISupportedInterfaceOrientations_iPad = "UIInterfaceOrientationPortrait UIInterfaceOrientationPortraitUpsideDown UIInterfaceOrientationLandscapeLeft UIInterfaceOrientationLandscapeRight";
				INFOPLIST_KEY_UISupportedInterfaceOrientations_iPhone = "UIInterfaceOrientationPortrait UIInterfaceOrientationLandscapeLeft UIInterfaceOrientationLandscapeRight";
				LD_RUNPATH_SEARCH_PATHS = (
					"$(inherited)",
					"@executable_path/Frameworks",
				);
				MARKETING_VERSION = 1.0;
				PRODUCT_BUNDLE_IDENTIFIER = zacheryowagner.ARAudioDesigner;
				PRODUCT_NAME = "$(TARGET_NAME)";
				SWIFT_EMIT_LOC_STRINGS = YES;
				SWIFT_VERSION = 5.0;
				TARGETED_DEVICE_FAMILY = "1,2";
			};
			name = Debug;
		};
		A129049327F278480023070D /* Release */ = {
			isa = XCBuildConfiguration;
			buildSettings = {
				ASSETCATALOG_COMPILER_APPICON_NAME = AppIcon;
				ASSETCATALOG_COMPILER_GLOBAL_ACCENT_COLOR_NAME = AccentColor;
				CODE_SIGN_STYLE = Automatic;
				CURRENT_PROJECT_VERSION = 1;
				DEVELOPMENT_TEAM = DCLHR77W8M;
				GENERATE_INFOPLIST_FILE = YES;
				INFOPLIST_FILE = ARAudioDesigner/Info.plist;
				INFOPLIST_KEY_UIApplicationSupportsIndirectInputEvents = YES;
				INFOPLIST_KEY_UILaunchStoryboardName = LaunchScreen;
				INFOPLIST_KEY_UISupportedInterfaceOrientations_iPad = "UIInterfaceOrientationPortrait UIInterfaceOrientationPortraitUpsideDown UIInterfaceOrientationLandscapeLeft UIInterfaceOrientationLandscapeRight";
				INFOPLIST_KEY_UISupportedInterfaceOrientations_iPhone = "UIInterfaceOrientationPortrait UIInterfaceOrientationLandscapeLeft UIInterfaceOrientationLandscapeRight";
				LD_RUNPATH_SEARCH_PATHS = (
					"$(inherited)",
					"@executable_path/Frameworks",
				);
				MARKETING_VERSION = 1.0;
				PRODUCT_BUNDLE_IDENTIFIER = zacheryowagner.ARAudioDesigner;
				PRODUCT_NAME = "$(TARGET_NAME)";
				SWIFT_EMIT_LOC_STRINGS = YES;
				SWIFT_VERSION = 5.0;
				TARGETED_DEVICE_FAMILY = "1,2";
			};
			name = Release;
		};
/* End XCBuildConfiguration section */

/* Begin XCConfigurationList section */
		A129047827F278470023070D /* Build configuration list for PBXProject "ARAudioDesigner" */ = {
			isa = XCConfigurationList;
			buildConfigurations = (
				A129048F27F278480023070D /* Debug */,
				A129049027F278480023070D /* Release */,
			);
			defaultConfigurationIsVisible = 0;
			defaultConfigurationName = Release;
		};
		A129049127F278480023070D /* Build configuration list for PBXNativeTarget "ARAudioDesigner" */ = {
			isa = XCConfigurationList;
			buildConfigurations = (
				A129049227F278480023070D /* Debug */,
				A129049327F278480023070D /* Release */,
			);
			defaultConfigurationIsVisible = 0;
			defaultConfigurationName = Release;
		};
/* End XCConfigurationList section */
	};
	rootObject = A129047527F278470023070D /* Project object */;
}
